{
    "name": "lang-de-pf2e-helper",
    "lockfileVersion": 3,
    "requires": true,
    "packages": {
        "": {
            "devDependencies": {
                "@zip.js/zip.js": "^2.7.24",
                "json": "^11.0.0"
            }
        },
        "node_modules/@zip.js/zip.js": {
            "version": "2.7.24",
            "resolved": "https://registry.npmjs.org/@zip.js/zip.js/-/zip.js-2.7.24.tgz",
            "integrity": "sha512-RKXojDXeJcqOLLDFYrPYD0z3YFRaLjuOIAka789VVPGcMeCDEQv08ypNThMt+u+R2b9ISyhWiz43UBrgV1ZcbA==",
            "dev": true,
            "engines": {
                "bun": ">=0.7.0",
                "deno": ">=1.0.0",
                "node": ">=16.5.0"
            }
        },
        "node_modules/json": {
            "version": "11.0.0",
            "resolved": "https://registry.npmjs.org/json/-/json-11.0.0.tgz",
            "integrity": "sha512-N/ITv3Yw9Za8cGxuQqSqrq6RHnlaHWZkAFavcfpH/R52522c26EbihMxnY7A1chxfXJ4d+cEFIsyTgfi9GihrA==",
            "dev": true,
            "bin": {
                "json": "lib/json.js"
            },
            "engines": {
                "node": ">=0.10.0"
            }
        }
    }
}
